<?xml version="1.0" encoding="utf-8"?>
<Project ToolsVersion="4.0" xmlns="http://schemas.microsoft.com/developer/msbuild/2003">
  <ItemGroup>
    <ClCompile Include="Camera.cpp">
      <Filter>Source Files</Filter>
    </ClCompile>
    <ClCompile Include="Common.cpp">
      <Filter>Source Files</Filter>
    </ClCompile>
    <ClCompile Include="Core.cpp">
      <Filter>Source Files</Filter>
    </ClCompile>
    <ClCompile Include="GfxStats.cpp">
      <Filter>Source Files</Filter>
    </ClCompile>
    <ClCompile Include="Input.cpp">
      <Filter>Source Files</Filter>
    </ClCompile>
    <ClCompile Include="Mesh.cpp">
      <Filter>Source Files</Filter>
    </ClCompile>
    <ClCompile Include="Object.cpp">
      <Filter>Source Files</Filter>
    </ClCompile>
    <ClCompile Include="Texture.cpp">
      <Filter>Source Files</Filter>
    </ClCompile>
    <ClCompile Include="BaseGLApp.cpp">
      <Filter>Source Files</Filter>
    </ClCompile>
    <ClCompile Include="MappedProperties.cpp">
      <Filter>Source Files</Filter>
    </ClCompile>
    <ClCompile Include="BaseTechnique.cpp">
      <Filter>Technique</Filter>
    </ClCompile>
    <ClCompile Include="HDRLightingTechnique.cpp">
      <Filter>Technique</Filter>
    </ClCompile>
    <ClCompile Include="PBRLightTechnique.cpp">
      <Filter>Technique</Filter>
    </ClCompile>
    <ClCompile Include="PhongLightTechnique.cpp">
      <Filter>Technique</Filter>
    </ClCompile>
    <ClCompile Include="SimpleColorTechnique.cpp">
      <Filter>Technique</Filter>
    </ClCompile>
    <ClCompile Include="TransformTechnique.cpp">
      <Filter>Technique</Filter>
    </ClCompile>
    <ClCompile Include="TextTechnique.cpp">
      <Filter>Technique</Filter>
    </ClCompile>
    <ClCompile Include="TechniqueMan.cpp">
      <Filter>Technique</Filter>
    </ClCompile>
    <ClCompile Include="CameraMan.cpp">
      <Filter>Managers</Filter>
    </ClCompile>
    <ClCompile Include="ObjectMan.cpp">
      <Filter>Managers</Filter>
    </ClCompile>
    <ClCompile Include="TextMan.cpp">
      <Filter>Managers</Filter>
    </ClCompile>
    <ClCompile Include="TextureMan.cpp">
      <Filter>Managers</Filter>
    </ClCompile>
    <ClCompile Include="RenderToTexture.cpp">
      <Filter>Source Files</Filter>
    </ClCompile>
    <ClCompile Include="Camera2.cpp">
      <Filter>Source Files</Filter>
    </ClCompile>
    <ClCompile Include="ShadowMap.cpp">
      <Filter>Source Files</Filter>
    </ClCompile>
    <ClCompile Include="Transform.cpp">
      <Filter>Source Files</Filter>
    </ClCompile>
    <ClCompile Include="PBRTexTechnique.cpp">
      <Filter>Technique</Filter>
    </ClCompile>
    <ClCompile Include="UIManager.cpp">
      <Filter>Managers</Filter>
    </ClCompile>
  </ItemGroup>
  <ItemGroup>
    <ClInclude Include="Camera.h">
      <Filter>Header Files</Filter>
    </ClInclude>
    <ClInclude Include="Common.h">
      <Filter>Header Files</Filter>
    </ClInclude>
    <ClInclude Include="Core.h">
      <Filter>Header Files</Filter>
    </ClInclude>
    <ClInclude Include="GfxStats.h">
      <Filter>Header Files</Filter>
    </ClInclude>
    <ClInclude Include="Input.h">
      <Filter>Header Files</Filter>
    </ClInclude>
    <ClInclude Include="MappedProperties.h">
      <Filter>Header Files</Filter>
    </ClInclude>
    <ClInclude Include="Mesh.h">
      <Filter>Header Files</Filter>
    </ClInclude>
    <ClInclude Include="Object.h">
      <Filter>Header Files</Filter>
    </ClInclude>
    <ClInclude Include="Texture.h">
      <Filter>Header Files</Filter>
    </ClInclude>
    <ClInclude Include="BaseGLApp.h">
      <Filter>Header Files</Filter>
    </ClInclude>
    <ClInclude Include="BaseTechnique.h">
      <Filter>Technique</Filter>
    </ClInclude>
    <ClInclude Include="HDRLightingTechnique.h">
      <Filter>Technique</Filter>
    </ClInclude>
    <ClInclude Include="PBRLightTechnique.h">
      <Filter>Technique</Filter>
    </ClInclude>
    <ClInclude Include="PhongLightTechnique.h">
      <Filter>Technique</Filter>
    </ClInclude>
    <ClInclude Include="SimpleColorTechnique.h">
      <Filter>Technique</Filter>
    </ClInclude>
    <ClInclude Include="TransformTechnique.h">
      <Filter>Technique</Filter>
    </ClInclude>
    <ClInclude Include="TechniqueMan.h">
      <Filter>Technique</Filter>
    </ClInclude>
    <ClInclude Include="TextTechnique.h">
      <Filter>Technique</Filter>
    </ClInclude>
    <ClInclude Include="CameraMan.h">
      <Filter>Managers</Filter>
    </ClInclude>
    <ClInclude Include="ObjectMan.h">
      <Filter>Managers</Filter>
    </ClInclude>
    <ClInclude Include="TextMan.h">
      <Filter>Managers</Filter>
    </ClInclude>
    <ClInclude Include="TextureMan.h">
      <Filter>Managers</Filter>
    </ClInclude>
    <ClInclude Include="Camera2.h">
      <Filter>Header Files</Filter>
    </ClInclude>
    <ClInclude Include="LightUtil.h">
      <Filter>Header Files</Filter>
    </ClInclude>
    <ClInclude Include="RenderToTexture.h">
      <Filter>Header Files</Filter>
    </ClInclude>
    <ClInclude Include="ShadowMap.h">
      <Filter>Header Files</Filter>
    </ClInclude>
    <ClInclude Include="Transform.h">
      <Filter>Header Files</Filter>
    </ClInclude>
    <ClInclude Include="Material.h">
      <Filter>Source Files</Filter>
    </ClInclude>
    <ClInclude Include="PBRTexTechnique.h">
      <Filter>Technique</Filter>
    </ClInclude>
    <ClInclude Include="UIManager.h">
      <Filter>Managers</Filter>
    </ClInclude>
  </ItemGroup>
  <ItemGroup>
    <Filter Include="Header Files">
      <UniqueIdentifier>{bcffd8a4-0364-4726-8777-3ab9ec3f4066}</UniqueIdentifier>
    </Filter>
    <Filter Include="Source Files">
      <UniqueIdentifier>{222a6568-744f-4340-a596-9abce1609848}</UniqueIdentifier>
    </Filter>
    <Filter Include="Technique">
      <UniqueIdentifier>{4d85f24b-a958-42bc-9a1b-d8913744c95f}</UniqueIdentifier>
    </Filter>
    <Filter Include="Managers">
      <UniqueIdentifier>{c534aa15-d3f1-4c51-bb76-ad7204136276}</UniqueIdentifier>
    </Filter>
  </ItemGroup>
</Project>