<?xml version="1.0" encoding="utf-8"?>
<Project ToolsVersion="4.0" xmlns="http://schemas.microsoft.com/developer/msbuild/2003">
  <ItemGroup>
    <ClCompile Include="main.cpp" />
    <ClCompile Include="MyEngine.cpp" />
  </ItemGroup>
  <ItemGroup>
    <ClInclude Include="MyEngine.h" />
  </ItemGroup>
  <ItemGroup>
    <None Include="Shaders\skyboxVS.glsl" />
    <None Include="Shaders\skyboxFS.glsl" />
    <None Include="Shaders\TextFragmentShader.glsl" />
    <None Include="Shaders\TextVertexShader.glsl" />
    <None Include="Shaders\simpleVertexShader2.glsl" />
    <None Include="Shaders\simpleVertexShader.glsl" />
    <None Include="Shaders\simpleFragmentShader2.glsl" />
    <None Include="Shaders\simpleFragmentShader.glsl" />
    <None Include="Shaders\reflectionVS.glsl" />
    <None Include="Shaders\reflectionFS.glsl" />
    <None Include="Shaders\quadRenderVS.glsl" />
    <None Include="Shaders\quadRenderFS.glsl" />
  </ItemGroup>
</Project>